
Microsoft Visual Studio Solution File, Format Version 12.00
Project("{FAE04EC0-301F-11D3-BF4B-00C04F79EFBC}") = "XmlParser", "XmlParser\XmlParser.csproj", "{777A7144-E34F-40DB-A60B-319380970D4E}"
EndProject
Global
	GlobalSection(SolutionConfigurationPlatforms) = preSolution
		Debug|Any CPU = Debug|Any CPU
		Release|Any CPU = Release|Any CPU
	EndGlobalSection
	GlobalSection(ProjectConfigurationPlatforms) = postSolution
		{777A7144-E34F-40DB-A60B-319380970D4E}.Debug|Any CPU.ActiveCfg = Debug|Any CPU
		{777A7144-E34F-40DB-A60B-319380970D4E}.Debug|Any CPU.Build.0 = Debug|Any CPU
		{777A7144-E34F-40DB-A60B-319380970D4E}.Release|Any CPU.ActiveCfg = Release|Any CPU
		{777A7144-E34F-40DB-A60B-319380970D4E}.Release|Any CPU.Build.0 = Release|Any CPU
	EndGlobalSection
EndGlobal
